// !$*UTF8*$!
{
	archiveVersion = 1;
	classes = {
	};
	objectVersion = 46;
	objects = {

/* Begin PBXBuildFile section */
		04AB6EBB1A5FB32200F67772 /* Project-Debug.xcconfig in Resources */ = {isa = PBXBuildFile; fileRef = 04AB6EB81A5FB32200F67772 /* Project-Debug.xcconfig */; };
		04AB6EBC1A5FB32200F67772 /* Project-Release.xcconfig in Resources */ = {isa = PBXBuildFile; fileRef = 04AB6EB91A5FB32200F67772 /* Project-Release.xcconfig */; };
		04AB6EBD1A5FB32200F67772 /* Project.xcconfig in Resources */ = {isa = PBXBuildFile; fileRef = 04AB6EBA1A5FB32200F67772 /* Project.xcconfig */; };
		AB0E6F841A445B1200539292 /* WonderSDK.bundle in Resources */ = {isa = PBXBuildFile; fileRef = AB0E6F751A4452D900539292 /* WonderSDK.bundle */; };
		AB0E6F871A445C6A00539292 /* libWonderSDK.a in Frameworks */ = {isa = PBXBuildFile; fileRef = AB0E6F711A4452D900539292 /* libWonderSDK.a */; };
		AB8CB6D31A0B5B4600EE91EE /* Foundation.framework in Frameworks */ = {isa = PBXBuildFile; fileRef = AB8CB6D21A0B5B4600EE91EE /* Foundation.framework */; };
		AB8CB6D51A0B5B4600EE91EE /* CoreGraphics.framework in Frameworks */ = {isa = PBXBuildFile; fileRef = AB8CB6D41A0B5B4600EE91EE /* CoreGraphics.framework */; };
		AB8CB6D71A0B5B4600EE91EE /* UIKit.framework in Frameworks */ = {isa = PBXBuildFile; fileRef = AB8CB6D61A0B5B4600EE91EE /* UIKit.framework */; };
		AB8CB6DD1A0B5B4600EE91EE /* InfoPlist.strings in Resources */ = {isa = PBXBuildFile; fileRef = AB8CB6DB1A0B5B4600EE91EE /* InfoPlist.strings */; };
		AB8CB6DF1A0B5B4600EE91EE /* main.m in Sources */ = {isa = PBXBuildFile; fileRef = AB8CB6DE1A0B5B4600EE91EE /* main.m */; };
		AB8CB6E31A0B5B4600EE91EE /* WonderAppDelegate.m in Sources */ = {isa = PBXBuildFile; fileRef = AB8CB6E21A0B5B4600EE91EE /* WonderAppDelegate.m */; };
		AB8CB6E51A0B5B4600EE91EE /* Images.xcassets in Resources */ = {isa = PBXBuildFile; fileRef = AB8CB6E41A0B5B4600EE91EE /* Images.xcassets */; };
		AB8CB6EC1A0B5B4600EE91EE /* XCTest.framework in Frameworks */ = {isa = PBXBuildFile; fileRef = AB8CB6EB1A0B5B4600EE91EE /* XCTest.framework */; };
		AB8CB6ED1A0B5B4600EE91EE /* Foundation.framework in Frameworks */ = {isa = PBXBuildFile; fileRef = AB8CB6D21A0B5B4600EE91EE /* Foundation.framework */; };
		AB8CB6EE1A0B5B4600EE91EE /* UIKit.framework in Frameworks */ = {isa = PBXBuildFile; fileRef = AB8CB6D61A0B5B4600EE91EE /* UIKit.framework */; };
		AB8CB6F61A0B5B4600EE91EE /* InfoPlist.strings in Resources */ = {isa = PBXBuildFile; fileRef = AB8CB6F41A0B5B4600EE91EE /* InfoPlist.strings */; };
		AB8CB6F81A0B5B4600EE91EE /* WonderSDKSampleTests.m in Sources */ = {isa = PBXBuildFile; fileRef = AB8CB6F71A0B5B4600EE91EE /* WonderSDKSampleTests.m */; };
		ABC19DBB1A1B170200D94561 /* Crashlytics.framework in Frameworks */ = {isa = PBXBuildFile; fileRef = ABC19DBA1A1B170200D94561 /* Crashlytics.framework */; };
		ABC19DBD1A1B186E00D94561 /* Fabric.framework in Frameworks */ = {isa = PBXBuildFile; fileRef = ABC19DBC1A1B186E00D94561 /* Fabric.framework */; };
		ABE554C91A43D7C100F27AE4 /* Storyboard.storyboard in Resources */ = {isa = PBXBuildFile; fileRef = ABE554C81A43D7C100F27AE4 /* Storyboard.storyboard */; };
		ABE554CE1A43D9EF00F27AE4 /* WonderViewController.m in Sources */ = {isa = PBXBuildFile; fileRef = ABE554CD1A43D9EF00F27AE4 /* WonderViewController.m */; };
/* End PBXBuildFile section */

/* Begin PBXContainerItemProxy section */
		AB0E6F701A4452D900539292 /* PBXContainerItemProxy */ = {
			isa = PBXContainerItemProxy;
			containerPortal = AB5ACE1B1A13558C009041E6 /* WonderSDK.xcodeproj */;
			proxyType = 2;
			remoteGlobalIDString = AB8CB59F1A0B57AC00EE91EE;
			remoteInfo = WonderSDK;
		};
		AB0E6F721A4452D900539292 /* PBXContainerItemProxy */ = {
			isa = PBXContainerItemProxy;
			containerPortal = AB5ACE1B1A13558C009041E6 /* WonderSDK.xcodeproj */;
			proxyType = 2;
			remoteGlobalIDString = AB8CB5AF1A0B57AC00EE91EE;
			remoteInfo = WonderSDKTests;
		};
		AB0E6F741A4452D900539292 /* PBXContainerItemProxy */ = {
			isa = PBXContainerItemProxy;
			containerPortal = AB5ACE1B1A13558C009041E6 /* WonderSDK.xcodeproj */;
			proxyType = 2;
			remoteGlobalIDString = AB6A81171A0C646100D08E7F;
			remoteInfo = WonderSDKResources;
		};
		AB0E6F821A445B0F00539292 /* PBXContainerItemProxy */ = {
			isa = PBXContainerItemProxy;
			containerPortal = AB5ACE1B1A13558C009041E6 /* WonderSDK.xcodeproj */;
			proxyType = 1;
			remoteGlobalIDString = AB6A81161A0C646100D08E7F;
			remoteInfo = WonderSDKResources;
		};
		AB0E6F851A445C4B00539292 /* PBXContainerItemProxy */ = {
			isa = PBXContainerItemProxy;
			containerPortal = AB5ACE1B1A13558C009041E6 /* WonderSDK.xcodeproj */;
			proxyType = 1;
			remoteGlobalIDString = AB8CB59E1A0B57AB00EE91EE;
			remoteInfo = WonderSDK;
		};
		AB8CB6EF1A0B5B4600EE91EE /* PBXContainerItemProxy */ = {
			isa = PBXContainerItemProxy;
			containerPortal = AB8CB6C71A0B5B4600EE91EE /* Project object */;
			proxyType = 1;
			remoteGlobalIDString = AB8CB6CE1A0B5B4600EE91EE;
			remoteInfo = WonderSDKSample;
		};
/* End PBXContainerItemProxy section */

/* Begin PBXFileReference section */
		04AB6EB81A5FB32200F67772 /* Project-Debug.xcconfig */ = {isa = PBXFileReference; fileEncoding = 4; lastKnownFileType = text.xcconfig; path = "Project-Debug.xcconfig"; sourceTree = "<group>"; };
		04AB6EB91A5FB32200F67772 /* Project-Release.xcconfig */ = {isa = PBXFileReference; fileEncoding = 4; lastKnownFileType = text.xcconfig; path = "Project-Release.xcconfig"; sourceTree = "<group>"; };
		04AB6EBA1A5FB32200F67772 /* Project.xcconfig */ = {isa = PBXFileReference; fileEncoding = 4; lastKnownFileType = text.xcconfig; path = Project.xcconfig; sourceTree = "<group>"; };
		AB5ACE1B1A13558C009041E6 /* WonderSDK.xcodeproj */ = {isa = PBXFileReference; lastKnownFileType = "wrapper.pb-project"; name = WonderSDK.xcodeproj; path = ../../framework/WonderSDK/WonderSDK.xcodeproj; sourceTree = "<group>"; };
		AB8CB6CF1A0B5B4600EE91EE /* WonderSDKSample.app */ = {isa = PBXFileReference; explicitFileType = wrapper.application; includeInIndex = 0; path = WonderSDKSample.app; sourceTree = BUILT_PRODUCTS_DIR; };
		AB8CB6D21A0B5B4600EE91EE /* Foundation.framework */ = {isa = PBXFileReference; lastKnownFileType = wrapper.framework; name = Foundation.framework; path = System/Library/Frameworks/Foundation.framework; sourceTree = SDKROOT; };
		AB8CB6D41A0B5B4600EE91EE /* CoreGraphics.framework */ = {isa = PBXFileReference; lastKnownFileType = wrapper.framework; name = CoreGraphics.framework; path = System/Library/Frameworks/CoreGraphics.framework; sourceTree = SDKROOT; };
		AB8CB6D61A0B5B4600EE91EE /* UIKit.framework */ = {isa = PBXFileReference; lastKnownFileType = wrapper.framework; name = UIKit.framework; path = System/Library/Frameworks/UIKit.framework; sourceTree = SDKROOT; };
		AB8CB6DA1A0B5B4600EE91EE /* WonderSDKSample-Info.plist */ = {isa = PBXFileReference; lastKnownFileType = text.plist.xml; path = "WonderSDKSample-Info.plist"; sourceTree = "<group>"; };
		AB8CB6DC1A0B5B4600EE91EE /* en */ = {isa = PBXFileReference; lastKnownFileType = text.plist.strings; name = en; path = en.lproj/InfoPlist.strings; sourceTree = "<group>"; };
		AB8CB6DE1A0B5B4600EE91EE /* main.m */ = {isa = PBXFileReference; lastKnownFileType = sourcecode.c.objc; path = main.m; sourceTree = "<group>"; };
		AB8CB6E01A0B5B4600EE91EE /* WonderSDKSample-Prefix.pch */ = {isa = PBXFileReference; lastKnownFileType = sourcecode.c.h; path = "WonderSDKSample-Prefix.pch"; sourceTree = "<group>"; };
		AB8CB6E11A0B5B4600EE91EE /* WonderAppDelegate.h */ = {isa = PBXFileReference; lastKnownFileType = sourcecode.c.h; path = WonderAppDelegate.h; sourceTree = "<group>"; };
		AB8CB6E21A0B5B4600EE91EE /* WonderAppDelegate.m */ = {isa = PBXFileReference; lastKnownFileType = sourcecode.c.objc; path = WonderAppDelegate.m; sourceTree = "<group>"; };
		AB8CB6E41A0B5B4600EE91EE /* Images.xcassets */ = {isa = PBXFileReference; lastKnownFileType = folder.assetcatalog; path = Images.xcassets; sourceTree = "<group>"; };
		AB8CB6EA1A0B5B4600EE91EE /* WonderSDKSampleTests.xctest */ = {isa = PBXFileReference; explicitFileType = wrapper.cfbundle; includeInIndex = 0; path = WonderSDKSampleTests.xctest; sourceTree = BUILT_PRODUCTS_DIR; };
		AB8CB6EB1A0B5B4600EE91EE /* XCTest.framework */ = {isa = PBXFileReference; lastKnownFileType = wrapper.framework; name = XCTest.framework; path = Library/Frameworks/XCTest.framework; sourceTree = DEVELOPER_DIR; };
		AB8CB6F31A0B5B4600EE91EE /* WonderSDKSampleTests-Info.plist */ = {isa = PBXFileReference; lastKnownFileType = text.plist.xml; path = "WonderSDKSampleTests-Info.plist"; sourceTree = "<group>"; };
		AB8CB6F51A0B5B4600EE91EE /* en */ = {isa = PBXFileReference; lastKnownFileType = text.plist.strings; name = en; path = en.lproj/InfoPlist.strings; sourceTree = "<group>"; };
		AB8CB6F71A0B5B4600EE91EE /* WonderSDKSampleTests.m */ = {isa = PBXFileReference; lastKnownFileType = sourcecode.c.objc; path = WonderSDKSampleTests.m; sourceTree = "<group>"; };
		ABC19DBA1A1B170200D94561 /* Crashlytics.framework */ = {isa = PBXFileReference; lastKnownFileType = wrapper.framework; path = Crashlytics.framework; sourceTree = "<group>"; };
		ABC19DBC1A1B186E00D94561 /* Fabric.framework */ = {isa = PBXFileReference; lastKnownFileType = wrapper.framework; path = Fabric.framework; sourceTree = "<group>"; };
		ABE554C81A43D7C100F27AE4 /* Storyboard.storyboard */ = {isa = PBXFileReference; fileEncoding = 4; lastKnownFileType = file.storyboard; path = Storyboard.storyboard; sourceTree = "<group>"; };
		ABE554CC1A43D9EF00F27AE4 /* WonderViewController.h */ = {isa = PBXFileReference; fileEncoding = 4; lastKnownFileType = sourcecode.c.h; path = WonderViewController.h; sourceTree = "<group>"; };
		ABE554CD1A43D9EF00F27AE4 /* WonderViewController.m */ = {isa = PBXFileReference; fileEncoding = 4; lastKnownFileType = sourcecode.c.objc; path = WonderViewController.m; sourceTree = "<group>"; };
/* End PBXFileReference section */

/* Begin PBXFrameworksBuildPhase section */
		AB8CB6CC1A0B5B4600EE91EE /* Frameworks */ = {
			isa = PBXFrameworksBuildPhase;
			buildActionMask = 2147483647;
			files = (
				AB0E6F871A445C6A00539292 /* libWonderSDK.a in Frameworks */,
				ABC19DBB1A1B170200D94561 /* Crashlytics.framework in Frameworks */,
				AB8CB6D51A0B5B4600EE91EE /* CoreGraphics.framework in Frameworks */,
				AB8CB6D71A0B5B4600EE91EE /* UIKit.framework in Frameworks */,
				AB8CB6D31A0B5B4600EE91EE /* Foundation.framework in Frameworks */,
				ABC19DBD1A1B186E00D94561 /* Fabric.framework in Frameworks */,
			);
			runOnlyForDeploymentPostprocessing = 0;
		};
		AB8CB6E71A0B5B4600EE91EE /* Frameworks */ = {
			isa = PBXFrameworksBuildPhase;
			buildActionMask = 2147483647;
			files = (
				AB8CB6EC1A0B5B4600EE91EE /* XCTest.framework in Frameworks */,
				AB8CB6EE1A0B5B4600EE91EE /* UIKit.framework in Frameworks */,
				AB8CB6ED1A0B5B4600EE91EE /* Foundation.framework in Frameworks */,
			);
			runOnlyForDeploymentPostprocessing = 0;
		};
/* End PBXFrameworksBuildPhase section */

/* Begin PBXGroup section */
		04AB6EB71A5FB32100F67772 /* Configurations */ = {
			isa = PBXGroup;
			children = (
				04AB6EB81A5FB32200F67772 /* Project-Debug.xcconfig */,
				04AB6EB91A5FB32200F67772 /* Project-Release.xcconfig */,
				04AB6EBA1A5FB32200F67772 /* Project.xcconfig */,
			);
			path = Configurations;
			sourceTree = "<group>";
		};
		AB0E6F6A1A4452D900539292 /* Products */ = {
			isa = PBXGroup;
			children = (
				AB0E6F711A4452D900539292 /* libWonderSDK.a */,
				AB0E6F731A4452D900539292 /* WonderSDKTests.xctest */,
				AB0E6F751A4452D900539292 /* WonderSDK.bundle */,
			);
			name = Products;
			sourceTree = "<group>";
		};
		AB8CB6C61A0B5B4600EE91EE = {
			isa = PBXGroup;
			children = (
				AB5ACE1B1A13558C009041E6 /* WonderSDK.xcodeproj */,
				04AB6EB71A5FB32100F67772 /* Configurations */,
				AB8CB6D81A0B5B4600EE91EE /* WonderSDKSample */,
				AB8CB6F11A0B5B4600EE91EE /* WonderSDKSampleTests */,
				AB8CB6D11A0B5B4600EE91EE /* Frameworks */,
				AB8CB6D01A0B5B4600EE91EE /* Products */,
			);
			sourceTree = "<group>";
		};
		AB8CB6D01A0B5B4600EE91EE /* Products */ = {
			isa = PBXGroup;
			children = (
				AB8CB6CF1A0B5B4600EE91EE /* WonderSDKSample.app */,
				AB8CB6EA1A0B5B4600EE91EE /* WonderSDKSampleTests.xctest */,
			);
			name = Products;
			sourceTree = "<group>";
		};
		AB8CB6D11A0B5B4600EE91EE /* Frameworks */ = {
			isa = PBXGroup;
			children = (
				ABC19DBC1A1B186E00D94561 /* Fabric.framework */,
				ABC19DBA1A1B170200D94561 /* Crashlytics.framework */,
				AB8CB6D21A0B5B4600EE91EE /* Foundation.framework */,
				AB8CB6D41A0B5B4600EE91EE /* CoreGraphics.framework */,
				AB8CB6D61A0B5B4600EE91EE /* UIKit.framework */,
				AB8CB6EB1A0B5B4600EE91EE /* XCTest.framework */,
			);
			name = Frameworks;
			sourceTree = "<group>";
		};
		AB8CB6D81A0B5B4600EE91EE /* WonderSDKSample */ = {
			isa = PBXGroup;
			children = (
				AB8CB6E11A0B5B4600EE91EE /* WonderAppDelegate.h */,
				AB8CB6E21A0B5B4600EE91EE /* WonderAppDelegate.m */,
				ABE554C81A43D7C100F27AE4 /* Storyboard.storyboard */,
				ABE554CC1A43D9EF00F27AE4 /* WonderViewController.h */,
				ABE554CD1A43D9EF00F27AE4 /* WonderViewController.m */,
				AB8CB6D91A0B5B4600EE91EE /* Supporting Files */,
			);
			path = WonderSDKSample;
			sourceTree = "<group>";
		};
		AB8CB6D91A0B5B4600EE91EE /* Supporting Files */ = {
			isa = PBXGroup;
			children = (
				AB8CB6E41A0B5B4600EE91EE /* Images.xcassets */,
				AB8CB6DA1A0B5B4600EE91EE /* WonderSDKSample-Info.plist */,
				AB8CB6DB1A0B5B4600EE91EE /* InfoPlist.strings */,
				AB8CB6DE1A0B5B4600EE91EE /* main.m */,
				AB8CB6E01A0B5B4600EE91EE /* WonderSDKSample-Prefix.pch */,
			);
			name = "Supporting Files";
			sourceTree = "<group>";
		};
		AB8CB6F11A0B5B4600EE91EE /* WonderSDKSampleTests */ = {
			isa = PBXGroup;
			children = (
				AB8CB6F71A0B5B4600EE91EE /* WonderSDKSampleTests.m */,
				AB8CB6F21A0B5B4600EE91EE /* Supporting Files */,
			);
			path = WonderSDKSampleTests;
			sourceTree = "<group>";
		};
		AB8CB6F21A0B5B4600EE91EE /* Supporting Files */ = {
			isa = PBXGroup;
			children = (
				AB8CB6F31A0B5B4600EE91EE /* WonderSDKSampleTests-Info.plist */,
				AB8CB6F41A0B5B4600EE91EE /* InfoPlist.strings */,
			);
			name = "Supporting Files";
			sourceTree = "<group>";
		};
/* End PBXGroup section */

/* Begin PBXNativeTarget section */
		AB8CB6CE1A0B5B4600EE91EE /* WonderSDKSample */ = {
			isa = PBXNativeTarget;
			buildConfigurationList = AB8CB6FB1A0B5B4600EE91EE /* Build configuration list for PBXNativeTarget "WonderSDKSample" */;
			buildPhases = (
				AB8CB6CB1A0B5B4600EE91EE /* Sources */,
				AB8CB6CC1A0B5B4600EE91EE /* Frameworks */,
				AB8CB6CD1A0B5B4600EE91EE /* Resources */,
				ABC19DB71A1B104F00D94561 /* Fabric */,
				AB6C05B91A1B1E61005B5C32 /* Building Number */,
			);
			buildRules = (
			);
			dependencies = (
				AB0E6F831A445B0F00539292 /* PBXTargetDependency */,
				AB0E6F861A445C4B00539292 /* PBXTargetDependency */,
			);
			name = WonderSDKSample;
			productName = WonderSDKSample;
			productReference = AB8CB6CF1A0B5B4600EE91EE /* WonderSDKSample.app */;
			productType = "com.apple.product-type.application";
		};
		AB8CB6E91A0B5B4600EE91EE /* WonderSDKSampleTests */ = {
			isa = PBXNativeTarget;
			buildConfigurationList = AB8CB6FE1A0B5B4600EE91EE /* Build configuration list for PBXNativeTarget "WonderSDKSampleTests" */;
			buildPhases = (
				AB8CB6E61A0B5B4600EE91EE /* Sources */,
				AB8CB6E71A0B5B4600EE91EE /* Frameworks */,
				AB8CB6E81A0B5B4600EE91EE /* Resources */,
			);
			buildRules = (
			);
			dependencies = (
				AB8CB6F01A0B5B4600EE91EE /* PBXTargetDependency */,
			);
			name = WonderSDKSampleTests;
			productName = WonderSDKSampleTests;
			productReference = AB8CB6EA1A0B5B4600EE91EE /* WonderSDKSampleTests.xctest */;
			productType = "com.apple.product-type.bundle.unit-test";
		};
/* End PBXNativeTarget section */

/* Begin PBXProject section */
		AB8CB6C71A0B5B4600EE91EE /* Project object */ = {
			isa = PBXProject;
			attributes = {
				CLASSPREFIX = Wonder;
				LastUpgradeCheck = 0510;
				ORGANIZATIONNAME = "Yin Xiaoyu";
				TargetAttributes = {
					AB8CB6CE1A0B5B4600EE91EE = {
						DevelopmentTeam = 9KP5TLT867;
					};
					AB8CB6E91A0B5B4600EE91EE = {
						TestTargetID = AB8CB6CE1A0B5B4600EE91EE;
					};
				};
			};
			buildConfigurationList = AB8CB6CA1A0B5B4600EE91EE /* Build configuration list for PBXProject "WonderSDKSample" */;
			compatibilityVersion = "Xcode 3.2";
			developmentRegion = English;
			hasScannedForEncodings = 0;
			knownRegions = (
				en,
			);
			mainGroup = AB8CB6C61A0B5B4600EE91EE;
			productRefGroup = AB8CB6D01A0B5B4600EE91EE /* Products */;
			projectDirPath = "";
			projectReferences = (
				{
					ProductGroup = AB0E6F6A1A4452D900539292 /* Products */;
					ProjectRef = AB5ACE1B1A13558C009041E6 /* WonderSDK.xcodeproj */;
				},
			);
			projectRoot = "";
			targets = (
				AB8CB6CE1A0B5B4600EE91EE /* WonderSDKSample */,
				AB8CB6E91A0B5B4600EE91EE /* WonderSDKSampleTests */,
			);
		};
/* End PBXProject section */

/* Begin PBXReferenceProxy section */
		AB0E6F711A4452D900539292 /* libWonderSDK.a */ = {
			isa = PBXReferenceProxy;
			fileType = archive.ar;
			path = libWonderSDK.a;
			remoteRef = AB0E6F701A4452D900539292 /* PBXContainerItemProxy */;
			sourceTree = BUILT_PRODUCTS_DIR;
		};
		AB0E6F731A4452D900539292 /* WonderSDKTests.xctest */ = {
			isa = PBXReferenceProxy;
			fileType = wrapper.cfbundle;
			path = WonderSDKTests.xctest;
			remoteRef = AB0E6F721A4452D900539292 /* PBXContainerItemProxy */;
			sourceTree = BUILT_PRODUCTS_DIR;
		};
		AB0E6F751A4452D900539292 /* WonderSDK.bundle */ = {
			isa = PBXReferenceProxy;
			fileType = wrapper.cfbundle;
			path = WonderSDK.bundle;
			remoteRef = AB0E6F741A4452D900539292 /* PBXContainerItemProxy */;
			sourceTree = BUILT_PRODUCTS_DIR;
		};
/* End PBXReferenceProxy section */

/* Begin PBXResourcesBuildPhase section */
		AB8CB6CD1A0B5B4600EE91EE /* Resources */ = {
			isa = PBXResourcesBuildPhase;
			buildActionMask = 2147483647;
			files = (
				AB0E6F841A445B1200539292 /* WonderSDK.bundle in Resources */,
				AB8CB6DD1A0B5B4600EE91EE /* InfoPlist.strings in Resources */,
				04AB6EBD1A5FB32200F67772 /* Project.xcconfig in Resources */,
				04AB6EBC1A5FB32200F67772 /* Project-Release.xcconfig in Resources */,
				04AB6EBB1A5FB32200F67772 /* Project-Debug.xcconfig in Resources */,
				ABE554C91A43D7C100F27AE4 /* Storyboard.storyboard in Resources */,
				AB8CB6E51A0B5B4600EE91EE /* Images.xcassets in Resources */,
			);
			runOnlyForDeploymentPostprocessing = 0;
		};
		AB8CB6E81A0B5B4600EE91EE /* Resources */ = {
			isa = PBXResourcesBuildPhase;
			buildActionMask = 2147483647;
			files = (
				AB8CB6F61A0B5B4600EE91EE /* InfoPlist.strings in Resources */,
			);
			runOnlyForDeploymentPostprocessing = 0;
		};
/* End PBXResourcesBuildPhase section */

/* Begin PBXShellScriptBuildPhase section */
		AB6C05B91A1B1E61005B5C32 /* Building Number */ = {
			isa = PBXShellScriptBuildPhase;
			buildActionMask = 2147483647;
			files = (
			);
			inputPaths = (
			);
			name = "Building Number";
			outputPaths = (
			);
			runOnlyForDeploymentPostprocessing = 0;
			shellPath = /bin/sh;
			shellScript = "buildNumber=$(/usr/libexec/PlistBuddy -c \"Print CFBundleVersion\" \"${PROJECT_DIR}/${INFOPLIST_FILE}\")\nbuildNumber=$(($buildNumber + 1))\n/usr/libexec/PlistBuddy -c \"Set :CFBundleVersion $buildNumber\" \"${PROJECT_DIR}/${INFOPLIST_FILE}\"";
		};
		ABC19DB71A1B104F00D94561 /* Fabric */ = {
			isa = PBXShellScriptBuildPhase;
			buildActionMask = 2147483647;
			files = (
			);
			inputPaths = (
			);
			name = Fabric;
			outputPaths = (
			);
			runOnlyForDeploymentPostprocessing = 0;
			shellPath = /bin/sh;
			shellScript = "./Fabric.framework/run 3802684f41c23d2d3de92eb3139263c196ebf21a e6d8783002035ca899dd4e435cf5e994e41a8cbcd73b4a887f539fec575ecad4";
		};
/* End PBXShellScriptBuildPhase section */

/* Begin PBXSourcesBuildPhase section */
		AB8CB6CB1A0B5B4600EE91EE /* Sources */ = {
			isa = PBXSourcesBuildPhase;
			buildActionMask = 2147483647;
			files = (
				AB8CB6DF1A0B5B4600EE91EE /* main.m in Sources */,
				AB8CB6E31A0B5B4600EE91EE /* WonderAppDelegate.m in Sources */,
				ABE554CE1A43D9EF00F27AE4 /* WonderViewController.m in Sources */,
			);
			runOnlyForDeploymentPostprocessing = 0;
		};
		AB8CB6E61A0B5B4600EE91EE /* Sources */ = {
			isa = PBXSourcesBuildPhase;
			buildActionMask = 2147483647;
			files = (
				AB8CB6F81A0B5B4600EE91EE /* WonderSDKSampleTests.m in Sources */,
			);
			runOnlyForDeploymentPostprocessing = 0;
		};
/* End PBXSourcesBuildPhase section */

/* Begin PBXTargetDependency section */
		AB0E6F831A445B0F00539292 /* PBXTargetDependency */ = {
			isa = PBXTargetDependency;
			name = WonderSDKResources;
			targetProxy = AB0E6F821A445B0F00539292 /* PBXContainerItemProxy */;
		};
		AB0E6F861A445C4B00539292 /* PBXTargetDependency */ = {
			isa = PBXTargetDependency;
			name = WonderSDK;
			targetProxy = AB0E6F851A445C4B00539292 /* PBXContainerItemProxy */;
		};
		AB8CB6F01A0B5B4600EE91EE /* PBXTargetDependency */ = {
			isa = PBXTargetDependency;
			target = AB8CB6CE1A0B5B4600EE91EE /* WonderSDKSample */;
			targetProxy = AB8CB6EF1A0B5B4600EE91EE /* PBXContainerItemProxy */;
		};
/* End PBXTargetDependency section */

/* Begin PBXVariantGroup section */
		AB8CB6DB1A0B5B4600EE91EE /* InfoPlist.strings */ = {
			isa = PBXVariantGroup;
			children = (
				AB8CB6DC1A0B5B4600EE91EE /* en */,
			);
			name = InfoPlist.strings;
			sourceTree = "<group>";
		};
		AB8CB6F41A0B5B4600EE91EE /* InfoPlist.strings */ = {
			isa = PBXVariantGroup;
			children = (
				AB8CB6F51A0B5B4600EE91EE /* en */,
			);
			name = InfoPlist.strings;
			sourceTree = "<group>";
		};
/* End PBXVariantGroup section */

/* Begin XCBuildConfiguration section */
		AB8CB6F91A0B5B4600EE91EE /* Debug */ = {
			isa = XCBuildConfiguration;
			baseConfigurationReference = 04AB6EB81A5FB32200F67772 /* Project-Debug.xcconfig */;
			buildSettings = {
				ALWAYS_SEARCH_USER_PATHS = NO;
				CLANG_CXX_LANGUAGE_STANDARD = "compiler-default";
				CLANG_CXX_LIBRARY = "compiler-default";
				CLANG_ENABLE_MODULES = YES;
				CLANG_ENABLE_OBJC_ARC = YES;
				CLANG_WARN_BOOL_CONVERSION = YES;
				CLANG_WARN_CONSTANT_CONVERSION = YES;
				CLANG_WARN_DIRECT_OBJC_ISA_USAGE = YES_ERROR;
				CLANG_WARN_EMPTY_BODY = YES;
				CLANG_WARN_ENUM_CONVERSION = YES;
				CLANG_WARN_INT_CONVERSION = YES;
				CLANG_WARN_OBJC_ROOT_CLASS = YES_ERROR;
				CLANG_WARN__DUPLICATE_METHOD_MATCH = YES;
				"CODE_SIGN_IDENTITY[sdk=iphoneos*]" = "iPhone Developer";
				COPY_PHASE_STRIP = NO;
				GCC_C_LANGUAGE_STANDARD = "compiler-default";
				GCC_DYNAMIC_NO_PIC = NO;
				GCC_OPTIMIZATION_LEVEL = 0;
				GCC_PREPROCESSOR_DEFINITIONS = (
					"DEBUG=1",
					"$(inherited)",
				);
				GCC_SYMBOLS_PRIVATE_EXTERN = NO;
				GCC_WARN_64_TO_32_BIT_CONVERSION = YES;
				GCC_WARN_ABOUT_RETURN_TYPE = YES_ERROR;
				GCC_WARN_UNDECLARED_SELECTOR = YES;
				GCC_WARN_UNINITIALIZED_AUTOS = YES_AGGRESSIVE;
				GCC_WARN_UNUSED_FUNCTION = YES;
				GCC_WARN_UNUSED_VARIABLE = YES;
				IPHONEOS_DEPLOYMENT_TARGET = 7.1;
				ONLY_ACTIVE_ARCH = YES;
				SDKROOT = iphoneos;
				TARGETED_DEVICE_FAMILY = "1,2";
			};
			name = Debug;
		};
		AB8CB6FA1A0B5B4600EE91EE /* Release */ = {
			isa = XCBuildConfiguration;
			baseConfigurationReference = 04AB6EB91A5FB32200F67772 /* Project-Release.xcconfig */;
			buildSettings = {
				ALWAYS_SEARCH_USER_PATHS = NO;
				CLANG_CXX_LANGUAGE_STANDARD = "compiler-default";
				CLANG_CXX_LIBRARY = "compiler-default";
				CLANG_ENABLE_MODULES = YES;
				CLANG_ENABLE_OBJC_ARC = YES;
				CLANG_WARN_BOOL_CONVERSION = YES;
				CLANG_WARN_CONSTANT_CONVERSION = YES;
				CLANG_WARN_DIRECT_OBJC_ISA_USAGE = YES_ERROR;
				CLANG_WARN_EMPTY_BODY = YES;
				CLANG_WARN_ENUM_CONVERSION = YES;
				CLANG_WARN_INT_CONVERSION = YES;
				CLANG_WARN_OBJC_ROOT_CLASS = YES_ERROR;
				CLANG_WARN__DUPLICATE_METHOD_MATCH = YES;
				"CODE_SIGN_IDENTITY[sdk=iphoneos*]" = "iPhone Developer";
				COPY_PHASE_STRIP = YES;
				ENABLE_NS_ASSERTIONS = NO;
				GCC_C_LANGUAGE_STANDARD = "compiler-default";
				GCC_WARN_64_TO_32_BIT_CONVERSION = YES;
				GCC_WARN_ABOUT_RETURN_TYPE = YES_ERROR;
				GCC_WARN_UNDECLARED_SELECTOR = YES;
				GCC_WARN_UNINITIALIZED_AUTOS = YES_AGGRESSIVE;
				GCC_WARN_UNUSED_FUNCTION = YES;
				GCC_WARN_UNUSED_VARIABLE = YES;
				IPHONEOS_DEPLOYMENT_TARGET = 7.1;
				SDKROOT = iphoneos;
				TARGETED_DEVICE_FAMILY = "1,2";
				VALIDATE_PRODUCT = YES;
			};
			name = Release;
		};
		AB8CB6FC1A0B5B4600EE91EE /* Debug */ = {
			isa = XCBuildConfiguration;
			baseConfigurationReference = 04AB6EB81A5FB32200F67772 /* Project-Debug.xcconfig */;
			buildSettings = {
				CODE_SIGN_IDENTITY = "iPhone Developer";
				"CODE_SIGN_IDENTITY[sdk=iphoneos*]" = "iPhone Developer";
				FRAMEWORK_SEARCH_PATHS = (
					"$(inherited)",
					"$(PROJECT_DIR)",
				);
				GCC_PREFIX_HEADER = "WonderSDKSample/WonderSDKSample-Prefix.pch";
				HEADER_SEARCH_PATHS = (
					"$(inherited)",
					"\"$(BUILT_PRODUCTS_DIR)\"",
				);
				INFOPLIST_FILE = "WonderSDKSample/WonderSDKSample-Info.plist";
				PRODUCT_NAME = "$(TARGET_NAME)";
				PROVISIONING_PROFILE = "";
			};
			name = Debug;
		};
		AB8CB6FD1A0B5B4600EE91EE /* Release */ = {
			isa = XCBuildConfiguration;
			baseConfigurationReference = 04AB6EB91A5FB32200F67772 /* Project-Release.xcconfig */;
			buildSettings = {
				CODE_SIGN_IDENTITY = "iPhone Developer";
				"CODE_SIGN_IDENTITY[sdk=iphoneos*]" = "iPhone Developer";
				FRAMEWORK_SEARCH_PATHS = (
					"$(inherited)",
					"$(PROJECT_DIR)",
				);
				GCC_PREFIX_HEADER = "WonderSDKSample/WonderSDKSample-Prefix.pch";
				HEADER_SEARCH_PATHS = (
					"$(inherited)",
					"\"$(BUILT_PRODUCTS_DIR)\"",
				);
				INFOPLIST_FILE = "WonderSDKSample/WonderSDKSample-Info.plist";
				PRODUCT_NAME = "$(TARGET_NAME)";
				PROVISIONING_PROFILE = "";
			};
			name = Release;
		};
		AB8CB6FF1A0B5B4600EE91EE /* Debug */ = {
			isa = XCBuildConfiguration;
			buildSettings = {
				BUNDLE_LOADER = "$(BUILT_PRODUCTS_DIR)/WonderSDKSample.app/WonderSDKSample";
				FRAMEWORK_SEARCH_PATHS = (
					"$(SDKROOT)/Developer/Library/Frameworks",
					"$(inherited)",
					"$(DEVELOPER_FRAMEWORKS_DIR)",
				);
				GCC_PRECOMPILE_PREFIX_HEADER = YES;
				GCC_PREFIX_HEADER = "WonderSDKSample/WonderSDKSample-Prefix.pch";
				GCC_PREPROCESSOR_DEFINITIONS = (
					"DEBUG=1",
					"$(inherited)",
				);
				INFOPLIST_FILE = "WonderSDKSampleTests/WonderSDKSampleTests-Info.plist";
				PRODUCT_NAME = "$(TARGET_NAME)";
				TEST_HOST = "$(BUNDLE_LOADER)";
				WRAPPER_EXTENSION = xctest;
			};
			name = Debug;
		};
		AB8CB7001A0B5B4600EE91EE /* Release */ = {
			isa = XCBuildConfiguration;
			buildSettings = {
				BUNDLE_LOADER = "$(BUILT_PRODUCTS_DIR)/WonderSDKSample.app/WonderSDKSample";
				FRAMEWORK_SEARCH_PATHS = (
					"$(SDKROOT)/Developer/Library/Frameworks",
					"$(inherited)",
					"$(DEVELOPER_FRAMEWORKS_DIR)",
				);
				GCC_PRECOMPILE_PREFIX_HEADER = YES;
				GCC_PREFIX_HEADER = "WonderSDKSample/WonderSDKSample-Prefix.pch";
				INFOPLIST_FILE = "WonderSDKSampleTests/WonderSDKSampleTests-Info.plist";
				PRODUCT_NAME = "$(TARGET_NAME)";
				TEST_HOST = "$(BUNDLE_LOADER)";
				WRAPPER_EXTENSION = xctest;
			};
			name = Release;
		};
/* End XCBuildConfiguration section */

/* Begin XCConfigurationList section */
		AB8CB6CA1A0B5B4600EE91EE /* Build configuration list for PBXProject "WonderSDKSample" */ = {
			isa = XCConfigurationList;
			buildConfigurations = (
				AB8CB6F91A0B5B4600EE91EE /* Debug */,
				AB8CB6FA1A0B5B4600EE91EE /* Release */,
			);
			defaultConfigurationIsVisible = 0;
			defaultConfigurationName = Release;
		};
		AB8CB6FB1A0B5B4600EE91EE /* Build configuration list for PBXNativeTarget "WonderSDKSample" */ = {
			isa = XCConfigurationList;
			buildConfigurations = (
				AB8CB6FC1A0B5B4600EE91EE /* Debug */,
				AB8CB6FD1A0B5B4600EE91EE /* Release */,
			);
			defaultConfigurationIsVisible = 0;
			defaultConfigurationName = Release;
		};
		AB8CB6FE1A0B5B4600EE91EE /* Build configuration list for PBXNativeTarget "WonderSDKSampleTests" */ = {
			isa = XCConfigurationList;
			buildConfigurations = (
				AB8CB6FF1A0B5B4600EE91EE /* Debug */,
				AB8CB7001A0B5B4600EE91EE /* Release */,
			);
			defaultConfigurationIsVisible = 0;
			defaultConfigurationName = Release;
		};
/* End XCConfigurationList section */
	};
	rootObject = AB8CB6C71A0B5B4600EE91EE /* Project object */;
}
